// !$*UTF8*$!
{
	archiveVersion = 1;
	classes = {
	};
	objectVersion = 55;
	objects = {

/* Begin PBXBuildFile section */
		518139532852D21300E0ACA8 /* DetailViewController.swift in Sources */ = {isa = PBXBuildFile; fileRef = 518139522852D21300E0ACA8 /* DetailViewController.swift */; };
		518682F82851C50B000EC335 /* AppDelegate.swift in Sources */ = {isa = PBXBuildFile; fileRef = 518682F72851C50B000EC335 /* AppDelegate.swift */; };
		518682FA2851C50B000EC335 /* SceneDelegate.swift in Sources */ = {isa = PBXBuildFile; fileRef = 518682F92851C50B000EC335 /* SceneDelegate.swift */; };
		518682FC2851C50B000EC335 /* ListViewController.swift in Sources */ = {isa = PBXBuildFile; fileRef = 518682FB2851C50B000EC335 /* ListViewController.swift */; };
		518682FF2851C50B000EC335 /* Main.storyboard in Resources */ = {isa = PBXBuildFile; fileRef = 518682FD2851C50B000EC335 /* Main.storyboard */; };
		518683012851C50E000EC335 /* Assets.xcassets in Resources */ = {isa = PBXBuildFile; fileRef = 518683002851C50E000EC335 /* Assets.xcassets */; };
		518683042851C50E000EC335 /* LaunchScreen.storyboard in Resources */ = {isa = PBXBuildFile; fileRef = 518683022851C50E000EC335 /* LaunchScreen.storyboard */; };
		5186830F2851C50E000EC335 /* PhoneContactTests.swift in Sources */ = {isa = PBXBuildFile; fileRef = 5186830E2851C50E000EC335 /* PhoneContactTests.swift */; };
		518683192851C50E000EC335 /* PhoneContactUITests.swift in Sources */ = {isa = PBXBuildFile; fileRef = 518683182851C50E000EC335 /* PhoneContactUITests.swift */; };
		5186831B2851C50E000EC335 /* PhoneContactUITestsLaunchTests.swift in Sources */ = {isa = PBXBuildFile; fileRef = 5186831A2851C50E000EC335 /* PhoneContactUITestsLaunchTests.swift */; };
		518683282851F270000EC335 /* Contact.swift in Sources */ = {isa = PBXBuildFile; fileRef = 518683272851F270000EC335 /* Contact.swift */; };
/* End PBXBuildFile section */

/* Begin PBXContainerItemProxy section */
		5186830B2851C50E000EC335 /* PBXContainerItemProxy */ = {
			isa = PBXContainerItemProxy;
			containerPortal = 518682EC2851C50B000EC335 /* Project object */;
			proxyType = 1;
			remoteGlobalIDString = 518682F32851C50B000EC335;
			remoteInfo = PhoneContact;
		};
		518683152851C50E000EC335 /* PBXContainerItemProxy */ = {
			isa = PBXContainerItemProxy;
			containerPortal = 518682EC2851C50B000EC335 /* Project object */;
			proxyType = 1;
			remoteGlobalIDString = 518682F32851C50B000EC335;
			remoteInfo = PhoneContact;
		};
/* End PBXContainerItemProxy section */

/* Begin PBXFileReference section */
		518139522852D21300E0ACA8 /* DetailViewController.swift */ = {isa = PBXFileReference; lastKnownFileType = sourcecode.swift; name = DetailViewController.swift; path = PhoneContact/DetailViewController.swift; sourceTree = SOURCE_ROOT; };
		518682F42851C50B000EC335 /* PhoneContact.app */ = {isa = PBXFileReference; explicitFileType = wrapper.application; includeInIndex = 0; path = PhoneContact.app; sourceTree = BUILT_PRODUCTS_DIR; };
		518682F72851C50B000EC335 /* AppDelegate.swift */ = {isa = PBXFileReference; lastKnownFileType = sourcecode.swift; path = AppDelegate.swift; sourceTree = "<group>"; };
		518682F92851C50B000EC335 /* SceneDelegate.swift */ = {isa = PBXFileReference; lastKnownFileType = sourcecode.swift; path = SceneDelegate.swift; sourceTree = "<group>"; };
		518682FB2851C50B000EC335 /* ListViewController.swift */ = {isa = PBXFileReference; lastKnownFileType = sourcecode.swift; name = ListViewController.swift; path = PhoneContact/ListViewController.swift; sourceTree = SOURCE_ROOT; };
		518682FE2851C50B000EC335 /* Base */ = {isa = PBXFileReference; lastKnownFileType = file.storyboard; name = Base; path = Base.lproj/Main.storyboard; sourceTree = "<group>"; };
		518683002851C50E000EC335 /* Assets.xcassets */ = {isa = PBXFileReference; lastKnownFileType = folder.assetcatalog; path = Assets.xcassets; sourceTree = "<group>"; };
		518683032851C50E000EC335 /* Base */ = {isa = PBXFileReference; lastKnownFileType = file.storyboard; name = Base; path = Base.lproj/LaunchScreen.storyboard; sourceTree = "<group>"; };
		518683052851C50E000EC335 /* Info.plist */ = {isa = PBXFileReference; lastKnownFileType = text.plist.xml; path = Info.plist; sourceTree = "<group>"; };
		5186830A2851C50E000EC335 /* PhoneContactTests.xctest */ = {isa = PBXFileReference; explicitFileType = wrapper.cfbundle; includeInIndex = 0; path = PhoneContactTests.xctest; sourceTree = BUILT_PRODUCTS_DIR; };
		5186830E2851C50E000EC335 /* PhoneContactTests.swift */ = {isa = PBXFileReference; lastKnownFileType = sourcecode.swift; path = PhoneContactTests.swift; sourceTree = "<group>"; };
		518683142851C50E000EC335 /* PhoneContactUITests.xctest */ = {isa = PBXFileReference; explicitFileType = wrapper.cfbundle; includeInIndex = 0; path = PhoneContactUITests.xctest; sourceTree = BUILT_PRODUCTS_DIR; };
		518683182851C50E000EC335 /* PhoneContactUITests.swift */ = {isa = PBXFileReference; lastKnownFileType = sourcecode.swift; path = PhoneContactUITests.swift; sourceTree = "<group>"; };
		5186831A2851C50E000EC335 /* PhoneContactUITestsLaunchTests.swift */ = {isa = PBXFileReference; lastKnownFileType = sourcecode.swift; path = PhoneContactUITestsLaunchTests.swift; sourceTree = "<group>"; };
		518683272851F270000EC335 /* Contact.swift */ = {isa = PBXFileReference; lastKnownFileType = sourcecode.swift; path = Contact.swift; sourceTree = "<group>"; };
/* End PBXFileReference section */

/* Begin PBXFrameworksBuildPhase section */
		518682F12851C50B000EC335 /* Frameworks */ = {
			isa = PBXFrameworksBuildPhase;
			buildActionMask = 2147483647;
			files = (
			);
			runOnlyForDeploymentPostprocessing = 0;
		};
		518683072851C50E000EC335 /* Frameworks */ = {
			isa = PBXFrameworksBuildPhase;
			buildActionMask = 2147483647;
			files = (
			);
			runOnlyForDeploymentPostprocessing = 0;
		};
		518683112851C50E000EC335 /* Frameworks */ = {
			isa = PBXFrameworksBuildPhase;
			buildActionMask = 2147483647;
			files = (
			);
			runOnlyForDeploymentPostprocessing = 0;
		};
/* End PBXFrameworksBuildPhase section */

/* Begin PBXGroup section */
		518682EB2851C50B000EC335 = {
			isa = PBXGroup;
			children = (
				518682F62851C50B000EC335 /* PhoneContact */,
				5186830D2851C50E000EC335 /* PhoneContactTests */,
				518683172851C50E000EC335 /* PhoneContactUITests */,
				518682F52851C50B000EC335 /* Products */,
			);
			sourceTree = "<group>";
		};
		518682F52851C50B000EC335 /* Products */ = {
			isa = PBXGroup;
			children = (
				518682F42851C50B000EC335 /* PhoneContact.app */,
				5186830A2851C50E000EC335 /* PhoneContactTests.xctest */,
				518683142851C50E000EC335 /* PhoneContactUITests.xctest */,
			);
			name = Products;
			sourceTree = "<group>";
		};
		518682F62851C50B000EC335 /* PhoneContact */ = {
			isa = PBXGroup;
			children = (
				518E20AA2852DDE5001ED1CD /* Content */,
				518E20A82852D955001ED1CD /* DetailView */,
				518E20A72852D947001ED1CD /* ListView */,
				518E20A62852D49E001ED1CD /* AppAndScreen */,
				518682FD2851C50B000EC335 /* Main.storyboard */,
				518683002851C50E000EC335 /* Assets.xcassets */,
				518683022851C50E000EC335 /* LaunchScreen.storyboard */,
				518683052851C50E000EC335 /* Info.plist */,
			);
			path = PhoneContact;
			sourceTree = "<group>";
		};
		5186830D2851C50E000EC335 /* PhoneContactTests */ = {
			isa = PBXGroup;
			children = (
				5186830E2851C50E000EC335 /* PhoneContactTests.swift */,
			);
			path = PhoneContactTests;
			sourceTree = "<group>";
		};
		518683172851C50E000EC335 /* PhoneContactUITests */ = {
			isa = PBXGroup;
			children = (
				518683182851C50E000EC335 /* PhoneContactUITests.swift */,
				5186831A2851C50E000EC335 /* PhoneContactUITestsLaunchTests.swift */,
			);
			path = PhoneContactUITests;
			sourceTree = "<group>";
		};
		518E20A62852D49E001ED1CD /* AppAndScreen */ = {
			isa = PBXGroup;
			children = (
				518682F92851C50B000EC335 /* SceneDelegate.swift */,
				518682F72851C50B000EC335 /* AppDelegate.swift */,
			);
			path = AppAndScreen;
			sourceTree = "<group>";
		};
		518E20A72852D947001ED1CD /* ListView */ = {
			isa = PBXGroup;
			children = (
				518682FB2851C50B000EC335 /* ListViewController.swift */,
			);
			name = ListView;
			sourceTree = "<group>";
		};
		518E20A82852D955001ED1CD /* DetailView */ = {
			isa = PBXGroup;
			children = (
				518139522852D21300E0ACA8 /* DetailViewController.swift */,
			);
			name = DetailView;
			sourceTree = "<group>";
		};
		518E20AA2852DDE5001ED1CD /* Content */ = {
			isa = PBXGroup;
			children = (
				518683272851F270000EC335 /* Contact.swift */,
			);
			path = Content;
			sourceTree = "<group>";
		};
/* End PBXGroup section */

/* Begin PBXNativeTarget section */
		518682F32851C50B000EC335 /* PhoneContact */ = {
			isa = PBXNativeTarget;
			buildConfigurationList = 5186831E2851C50E000EC335 /* Build configuration list for PBXNativeTarget "PhoneContact" */;
			buildPhases = (
				518682F02851C50B000EC335 /* Sources */,
				518682F12851C50B000EC335 /* Frameworks */,
				518682F22851C50B000EC335 /* Resources */,
			);
			buildRules = (
			);
			dependencies = (
			);
			name = PhoneContact;
			productName = PhoneContact;
			productReference = 518682F42851C50B000EC335 /* PhoneContact.app */;
			productType = "com.apple.product-type.application";
		};
		518683092851C50E000EC335 /* PhoneContactTests */ = {
			isa = PBXNativeTarget;
			buildConfigurationList = 518683212851C50E000EC335 /* Build configuration list for PBXNativeTarget "PhoneContactTests" */;
			buildPhases = (
				518683062851C50E000EC335 /* Sources */,
				518683072851C50E000EC335 /* Frameworks */,
				518683082851C50E000EC335 /* Resources */,
			);
			buildRules = (
			);
			dependencies = (
				5186830C2851C50E000EC335 /* PBXTargetDependency */,
			);
			name = PhoneContactTests;
			productName = PhoneContactTests;
			productReference = 5186830A2851C50E000EC335 /* PhoneContactTests.xctest */;
			productType = "com.apple.product-type.bundle.unit-test";
		};
		518683132851C50E000EC335 /* PhoneContactUITests */ = {
			isa = PBXNativeTarget;
			buildConfigurationList = 518683242851C50E000EC335 /* Build configuration list for PBXNativeTarget "PhoneContactUITests" */;
			buildPhases = (
				518683102851C50E000EC335 /* Sources */,
				518683112851C50E000EC335 /* Frameworks */,
				518683122851C50E000EC335 /* Resources */,
			);
			buildRules = (
			);
			dependencies = (
				518683162851C50E000EC335 /* PBXTargetDependency */,
			);
			name = PhoneContactUITests;
			productName = PhoneContactUITests;
			productReference = 518683142851C50E000EC335 /* PhoneContactUITests.xctest */;
			productType = "com.apple.product-type.bundle.ui-testing";
		};
/* End PBXNativeTarget section */

/* Begin PBXProject section */
		518682EC2851C50B000EC335 /* Project object */ = {
			isa = PBXProject;
			attributes = {
				BuildIndependentTargetsInParallel = 1;
				LastSwiftUpdateCheck = 1340;
				LastUpgradeCheck = 1340;
				TargetAttributes = {
					518682F32851C50B000EC335 = {
						CreatedOnToolsVersion = 13.4;
					};
					518683092851C50E000EC335 = {
						CreatedOnToolsVersion = 13.4;
						TestTargetID = 518682F32851C50B000EC335;
					};
					518683132851C50E000EC335 = {
						CreatedOnToolsVersion = 13.4;
						TestTargetID = 518682F32851C50B000EC335;
					};
				};
			};
			buildConfigurationList = 518682EF2851C50B000EC335 /* Build configuration list for PBXProject "PhoneContact" */;
			compatibilityVersion = "Xcode 13.0";
			developmentRegion = en;
			hasScannedForEncodings = 0;
			knownRegions = (
				en,
				Base,
			);
			mainGroup = 518682EB2851C50B000EC335;
			productRefGroup = 518682F52851C50B000EC335 /* Products */;
			projectDirPath = "";
			projectRoot = "";
			targets = (
				518682F32851C50B000EC335 /* PhoneContact */,
				518683092851C50E000EC335 /* PhoneContactTests */,
				518683132851C50E000EC335 /* PhoneContactUITests */,
			);
		};
/* End PBXProject section */

/* Begin PBXResourcesBuildPhase section */
		518682F22851C50B000EC335 /* Resources */ = {
			isa = PBXResourcesBuildPhase;
			buildActionMask = 2147483647;
			files = (
				518683042851C50E000EC335 /* LaunchScreen.storyboard in Resources */,
				518683012851C50E000EC335 /* Assets.xcassets in Resources */,
				518682FF2851C50B000EC335 /* Main.storyboard in Resources */,
			);
			runOnlyForDeploymentPostprocessing = 0;
		};
		518683082851C50E000EC335 /* Resources */ = {
			isa = PBXResourcesBuildPhase;
			buildActionMask = 2147483647;
			files = (
			);
			runOnlyForDeploymentPostprocessing = 0;
		};
		518683122851C50E000EC335 /* Resources */ = {
			isa = PBXResourcesBuildPhase;
			buildActionMask = 2147483647;
			files = (
			);
			runOnlyForDeploymentPostprocessing = 0;
		};
/* End PBXResourcesBuildPhase section */

/* Begin PBXSourcesBuildPhase section */
		518682F02851C50B000EC335 /* Sources */ = {
			isa = PBXSourcesBuildPhase;
			buildActionMask = 2147483647;
			files = (
				518683282851F270000EC335 /* Contact.swift in Sources */,
				518682FC2851C50B000EC335 /* ListViewController.swift in Sources */,
				518139532852D21300E0ACA8 /* DetailViewController.swift in Sources */,
				518682F82851C50B000EC335 /* AppDelegate.swift in Sources */,
				518682FA2851C50B000EC335 /* SceneDelegate.swift in Sources */,
			);
			runOnlyForDeploymentPostprocessing = 0;
		};
		518683062851C50E000EC335 /* Sources */ = {
			isa = PBXSourcesBuildPhase;
			buildActionMask = 2147483647;
			files = (
				5186830F2851C50E000EC335 /* PhoneContactTests.swift in Sources */,
			);
			runOnlyForDeploymentPostprocessing = 0;
		};
		518683102851C50E000EC335 /* Sources */ = {
			isa = PBXSourcesBuildPhase;
			buildActionMask = 2147483647;
			files = (
				5186831B2851C50E000EC335 /* PhoneContactUITestsLaunchTests.swift in Sources */,
				518683192851C50E000EC335 /* PhoneContactUITests.swift in Sources */,
			);
			runOnlyForDeploymentPostprocessing = 0;
		};
/* End PBXSourcesBuildPhase section */

/* Begin PBXTargetDependency section */
		5186830C2851C50E000EC335 /* PBXTargetDependency */ = {
			isa = PBXTargetDependency;
			target = 518682F32851C50B000EC335 /* PhoneContact */;
			targetProxy = 5186830B2851C50E000EC335 /* PBXContainerItemProxy */;
		};
		518683162851C50E000EC335 /* PBXTargetDependency */ = {
			isa = PBXTargetDependency;
			target = 518682F32851C50B000EC335 /* PhoneContact */;
			targetProxy = 518683152851C50E000EC335 /* PBXContainerItemProxy */;
		};
/* End PBXTargetDependency section */

/* Begin PBXVariantGroup section */
		518682FD2851C50B000EC335 /* Main.storyboard */ = {
			isa = PBXVariantGroup;
			children = (
				518682FE2851C50B000EC335 /* Base */,
			);
			name = Main.storyboard;
			sourceTree = "<group>";
		};
		518683022851C50E000EC335 /* LaunchScreen.storyboard */ = {
			isa = PBXVariantGroup;
			children = (
				518683032851C50E000EC335 /* Base */,
			);
			name = LaunchScreen.storyboard;
			sourceTree = "<group>";
		};
/* End PBXVariantGroup section */

/* Begin XCBuildConfiguration section */
		5186831C2851C50E000EC335 /* Debug */ = {
			isa = XCBuildConfiguration;
			buildSettings = {
				ALWAYS_SEARCH_USER_PATHS = NO;
				CLANG_ANALYZER_NONNULL = YES;
				CLANG_ANALYZER_NUMBER_OBJECT_CONVERSION = YES_AGGRESSIVE;
				CLANG_CXX_LANGUAGE_STANDARD = "gnu++17";
				CLANG_ENABLE_MODULES = YES;
				CLANG_ENABLE_OBJC_ARC = YES;
				CLANG_ENABLE_OBJC_WEAK = YES;
				CLANG_WARN_BLOCK_CAPTURE_AUTORELEASING = YES;
				CLANG_WARN_BOOL_CONVERSION = YES;
				CLANG_WARN_COMMA = YES;
				CLANG_WARN_CONSTANT_CONVERSION = YES;
				CLANG_WARN_DEPRECATED_OBJC_IMPLEMENTATIONS = YES;
				CLANG_WARN_DIRECT_OBJC_ISA_USAGE = YES_ERROR;
				CLANG_WARN_DOCUMENTATION_COMMENTS = YES;
				CLANG_WARN_EMPTY_BODY = YES;
				CLANG_WARN_ENUM_CONVERSION = YES;
				CLANG_WARN_INFINITE_RECURSION = YES;
				CLANG_WARN_INT_CONVERSION = YES;
				CLANG_WARN_NON_LITERAL_NULL_CONVERSION = YES;
				CLANG_WARN_OBJC_IMPLICIT_RETAIN_SELF = YES;
				CLANG_WARN_OBJC_LITERAL_CONVERSION = YES;
				CLANG_WARN_OBJC_ROOT_CLASS = YES_ERROR;
				CLANG_WARN_QUOTED_INCLUDE_IN_FRAMEWORK_HEADER = YES;
				CLANG_WARN_RANGE_LOOP_ANALYSIS = YES;
				CLANG_WARN_STRICT_PROTOTYPES = YES;
				CLANG_WARN_SUSPICIOUS_MOVE = YES;
				CLANG_WARN_UNGUARDED_AVAILABILITY = YES_AGGRESSIVE;
				CLANG_WARN_UNREACHABLE_CODE = YES;
				CLANG_WARN__DUPLICATE_METHOD_MATCH = YES;
				COPY_PHASE_STRIP = NO;
				DEBUG_INFORMATION_FORMAT = dwarf;
				ENABLE_STRICT_OBJC_MSGSEND = YES;
				ENABLE_TESTABILITY = YES;
				GCC_C_LANGUAGE_STANDARD = gnu11;
				GCC_DYNAMIC_NO_PIC = NO;
				GCC_NO_COMMON_BLOCKS = YES;
				GCC_OPTIMIZATION_LEVEL = 0;
				GCC_PREPROCESSOR_DEFINITIONS = (
					"DEBUG=1",
					"$(inherited)",
				);
				GCC_WARN_64_TO_32_BIT_CONVERSION = YES;
				GCC_WARN_ABOUT_RETURN_TYPE = YES_ERROR;
				GCC_WARN_UNDECLARED_SELECTOR = YES;
				GCC_WARN_UNINITIALIZED_AUTOS = YES_AGGRESSIVE;
				GCC_WARN_UNUSED_FUNCTION = YES;
				GCC_WARN_UNUSED_VARIABLE = YES;
				IPHONEOS_DEPLOYMENT_TARGET = 15.5;
				MTL_ENABLE_DEBUG_INFO = INCLUDE_SOURCE;
				MTL_FAST_MATH = YES;
				ONLY_ACTIVE_ARCH = YES;
				SDKROOT = iphoneos;
				SWIFT_ACTIVE_COMPILATION_CONDITIONS = DEBUG;
				SWIFT_OPTIMIZATION_LEVEL = "-Onone";
			};
			name = Debug;
		};
		5186831D2851C50E000EC335 /* Release */ = {
			isa = XCBuildConfiguration;
			buildSettings = {
				ALWAYS_SEARCH_USER_PATHS = NO;
				CLANG_ANALYZER_NONNULL = YES;
				CLANG_ANALYZER_NUMBER_OBJECT_CONVERSION = YES_AGGRESSIVE;
				CLANG_CXX_LANGUAGE_STANDARD = "gnu++17";
				CLANG_ENABLE_MODULES = YES;
				CLANG_ENABLE_OBJC_ARC = YES;
				CLANG_ENABLE_OBJC_WEAK = YES;
				CLANG_WARN_BLOCK_CAPTURE_AUTORELEASING = YES;
				CLANG_WARN_BOOL_CONVERSION = YES;
				CLANG_WARN_COMMA = YES;
				CLANG_WARN_CONSTANT_CONVERSION = YES;
				CLANG_WARN_DEPRECATED_OBJC_IMPLEMENTATIONS = YES;
				CLANG_WARN_DIRECT_OBJC_ISA_USAGE = YES_ERROR;
				CLANG_WARN_DOCUMENTATION_COMMENTS = YES;
				CLANG_WARN_EMPTY_BODY = YES;
				CLANG_WARN_ENUM_CONVERSION = YES;
				CLANG_WARN_INFINITE_RECURSION = YES;
				CLANG_WARN_INT_CONVERSION = YES;
				CLANG_WARN_NON_LITERAL_NULL_CONVERSION = YES;
				CLANG_WARN_OBJC_IMPLICIT_RETAIN_SELF = YES;
				CLANG_WARN_OBJC_LITERAL_CONVERSION = YES;
				CLANG_WARN_OBJC_ROOT_CLASS = YES_ERROR;
				CLANG_WARN_QUOTED_INCLUDE_IN_FRAMEWORK_HEADER = YES;
				CLANG_WARN_RANGE_LOOP_ANALYSIS = YES;
				CLANG_WARN_STRICT_PROTOTYPES = YES;
				CLANG_WARN_SUSPICIOUS_MOVE = YES;
				CLANG_WARN_UNGUARDED_AVAILABILITY = YES_AGGRESSIVE;
				CLANG_WARN_UNREACHABLE_CODE = YES;
				CLANG_WARN__DUPLICATE_METHOD_MATCH = YES;
				COPY_PHASE_STRIP = NO;
				DEBUG_INFORMATION_FORMAT = "dwarf-with-dsym";
				ENABLE_NS_ASSERTIONS = NO;
				ENABLE_STRICT_OBJC_MSGSEND = YES;
				GCC_C_LANGUAGE_STANDARD = gnu11;
				GCC_NO_COMMON_BLOCKS = YES;
				GCC_WARN_64_TO_32_BIT_CONVERSION = YES;
				GCC_WARN_ABOUT_RETURN_TYPE = YES_ERROR;
				GCC_WARN_UNDECLARED_SELECTOR = YES;
				GCC_WARN_UNINITIALIZED_AUTOS = YES_AGGRESSIVE;
				GCC_WARN_UNUSED_FUNCTION = YES;
				GCC_WARN_UNUSED_VARIABLE = YES;
				IPHONEOS_DEPLOYMENT_TARGET = 15.5;
				MTL_ENABLE_DEBUG_INFO = NO;
				MTL_FAST_MATH = YES;
				SDKROOT = iphoneos;
				SWIFT_COMPILATION_MODE = wholemodule;
				SWIFT_OPTIMIZATION_LEVEL = "-O";
				VALIDATE_PRODUCT = YES;
			};
			name = Release;
		};
		5186831F2851C50E000EC335 /* Debug */ = {
			isa = XCBuildConfiguration;
			buildSettings = {
				ASSETCATALOG_COMPILER_APPICON_NAME = AppIcon;
				ASSETCATALOG_COMPILER_GLOBAL_ACCENT_COLOR_NAME = AccentColor;
				CODE_SIGN_STYLE = Automatic;
				CURRENT_PROJECT_VERSION = 1;
				DEVELOPMENT_TEAM = C253N945M7;
				GENERATE_INFOPLIST_FILE = YES;
				INFOPLIST_FILE = PhoneContact/Info.plist;
				INFOPLIST_KEY_NSContactsUsageDescription = "";
				INFOPLIST_KEY_UIApplicationSupportsIndirectInputEvents = YES;
				INFOPLIST_KEY_UILaunchStoryboardName = LaunchScreen;
				INFOPLIST_KEY_UIMainStoryboardFile = Main;
				INFOPLIST_KEY_UISupportedInterfaceOrientations = UIInterfaceOrientationPortrait;
				INFOPLIST_KEY_UISupportedInterfaceOrientations_iPad = "UIInterfaceOrientationPortrait UIInterfaceOrientationPortraitUpsideDown UIInterfaceOrientationLandscapeLeft UIInterfaceOrientationLandscapeRight";
				INFOPLIST_KEY_UISupportedInterfaceOrientations_iPhone = "UIInterfaceOrientationPortrait UIInterfaceOrientationLandscapeLeft UIInterfaceOrientationLandscapeRight";
				LD_RUNPATH_SEARCH_PATHS = (
					"$(inherited)",
					"@executable_path/Frameworks",
				);
				MARKETING_VERSION = 1.0;
				PRODUCT_BUNDLE_IDENTIFIER = rta.examples.PhoneContact;
				PRODUCT_NAME = "$(TARGET_NAME)";
				SWIFT_EMIT_LOC_STRINGS = YES;
				SWIFT_VERSION = 5.0;
				TARGETED_DEVICE_FAMILY = "1,2";
			};
			name = Debug;
		};
		518683202851C50E000EC335 /* Release */ = {
			isa = XCBuildConfiguration;
			buildSettings = {
				ASSETCATALOG_COMPILER_APPICON_NAME = AppIcon;
				ASSETCATALOG_COMPILER_GLOBAL_ACCENT_COLOR_NAME = AccentColor;
				CODE_SIGN_STYLE = Automatic;
				CURRENT_PROJECT_VERSION = 1;
				DEVELOPMENT_TEAM = C253N945M7;
				GENERATE_INFOPLIST_FILE = YES;
				INFOPLIST_FILE = PhoneContact/Info.plist;
				INFOPLIST_KEY_NSContactsUsageDescription = "";
				INFOPLIST_KEY_UIApplicationSupportsIndirectInputEvents = YES;
				INFOPLIST_KEY_UILaunchStoryboardName = LaunchScreen;
				INFOPLIST_KEY_UIMainStoryboardFile = Main;
				INFOPLIST_KEY_UISupportedInterfaceOrientations = UIInterfaceOrientationPortrait;
				INFOPLIST_KEY_UISupportedInterfaceOrientations_iPad = "UIInterfaceOrientationPortrait UIInterfaceOrientationPortraitUpsideDown UIInterfaceOrientationLandscapeLeft UIInterfaceOrientationLandscapeRight";
				INFOPLIST_KEY_UISupportedInterfaceOrientations_iPhone = "UIInterfaceOrientationPortrait UIInterfaceOrientationLandscapeLeft UIInterfaceOrientationLandscapeRight";
				LD_RUNPATH_SEARCH_PATHS = (
					"$(inherited)",
					"@executable_path/Frameworks",
				);
				MARKETING_VERSION = 1.0;
				PRODUCT_BUNDLE_IDENTIFIER = rta.examples.PhoneContact;
				PRODUCT_NAME = "$(TARGET_NAME)";
				SWIFT_EMIT_LOC_STRINGS = YES;
				SWIFT_VERSION = 5.0;
				TARGETED_DEVICE_FAMILY = "1,2";
			};
			name = Release;
		};
		518683222851C50E000EC335 /* Debug */ = {
			isa = XCBuildConfiguration;
			buildSettings = {
				ALWAYS_EMBED_SWIFT_STANDARD_LIBRARIES = YES;
				BUNDLE_LOADER = "$(TEST_HOST)";
				CODE_SIGN_STYLE = Automatic;
				CURRENT_PROJECT_VERSION = 1;
				GENERATE_INFOPLIST_FILE = YES;
				IPHONEOS_DEPLOYMENT_TARGET = 15.5;
				MARKETING_VERSION = 1.0;
				PRODUCT_BUNDLE_IDENTIFIER = rta.PhoneContactTests;
				PRODUCT_NAME = "$(TARGET_NAME)";
				SWIFT_EMIT_LOC_STRINGS = NO;
				SWIFT_VERSION = 5.0;
				TARGETED_DEVICE_FAMILY = "1,2";
				TEST_HOST = "$(BUILT_PRODUCTS_DIR)/PhoneContact.app/PhoneContact";
			};
			name = Debug;
		};
		518683232851C50E000EC335 /* Release */ = {
			isa = XCBuildConfiguration;
			buildSettings = {
				ALWAYS_EMBED_SWIFT_STANDARD_LIBRARIES = YES;
				BUNDLE_LOADER = "$(TEST_HOST)";
				CODE_SIGN_STYLE = Automatic;
				CURRENT_PROJECT_VERSION = 1;
				GENERATE_INFOPLIST_FILE = YES;
				IPHONEOS_DEPLOYMENT_TARGET = 15.5;
				MARKETING_VERSION = 1.0;
				PRODUCT_BUNDLE_IDENTIFIER = rta.PhoneContactTests;
				PRODUCT_NAME = "$(TARGET_NAME)";
				SWIFT_EMIT_LOC_STRINGS = NO;
				SWIFT_VERSION = 5.0;
				TARGETED_DEVICE_FAMILY = "1,2";
				TEST_HOST = "$(BUILT_PRODUCTS_DIR)/PhoneContact.app/PhoneContact";
			};
			name = Release;
		};
		518683252851C50E000EC335 /* Debug */ = {
			isa = XCBuildConfiguration;
			buildSettings = {
				ALWAYS_EMBED_SWIFT_STANDARD_LIBRARIES = YES;
				CODE_SIGN_STYLE = Automatic;
				CURRENT_PROJECT_VERSION = 1;
				GENERATE_INFOPLIST_FILE = YES;
				MARKETING_VERSION = 1.0;
				PRODUCT_BUNDLE_IDENTIFIER = rta.PhoneContactUITests;
				PRODUCT_NAME = "$(TARGET_NAME)";
				SWIFT_EMIT_LOC_STRINGS = NO;
				SWIFT_VERSION = 5.0;
				TARGETED_DEVICE_FAMILY = "1,2";
				TEST_TARGET_NAME = PhoneContact;
			};
			name = Debug;
		};
		518683262851C50E000EC335 /* Release */ = {
			isa = XCBuildConfiguration;
			buildSettings = {
				ALWAYS_EMBED_SWIFT_STANDARD_LIBRARIES = YES;
				CODE_SIGN_STYLE = Automatic;
				CURRENT_PROJECT_VERSION = 1;
				GENERATE_INFOPLIST_FILE = YES;
				MARKETING_VERSION = 1.0;
				PRODUCT_BUNDLE_IDENTIFIER = rta.PhoneContactUITests;
				PRODUCT_NAME = "$(TARGET_NAME)";
				SWIFT_EMIT_LOC_STRINGS = NO;
				SWIFT_VERSION = 5.0;
				TARGETED_DEVICE_FAMILY = "1,2";
				TEST_TARGET_NAME = PhoneContact;
			};
			name = Release;
		};
/* End XCBuildConfiguration section */

/* Begin XCConfigurationList section */
		518682EF2851C50B000EC335 /* Build configuration list for PBXProject "PhoneContact" */ = {
			isa = XCConfigurationList;
			buildConfigurations = (
				5186831C2851C50E000EC335 /* Debug */,
				5186831D2851C50E000EC335 /* Release */,
			);
			defaultConfigurationIsVisible = 0;
			defaultConfigurationName = Release;
		};
		5186831E2851C50E000EC335 /* Build configuration list for PBXNativeTarget "PhoneContact" */ = {
			isa = XCConfigurationList;
			buildConfigurations = (
				5186831F2851C50E000EC335 /* Debug */,
				518683202851C50E000EC335 /* Release */,
			);
			defaultConfigurationIsVisible = 0;
			defaultConfigurationName = Release;
		};
		518683212851C50E000EC335 /* Build configuration list for PBXNativeTarget "PhoneContactTests" */ = {
			isa = XCConfigurationList;
			buildConfigurations = (
				518683222851C50E000EC335 /* Debug */,
				518683232851C50E000EC335 /* Release */,
			);
			defaultConfigurationIsVisible = 0;
			defaultConfigurationName = Release;
		};
		518683242851C50E000EC335 /* Build configuration list for PBXNativeTarget "PhoneContactUITests" */ = {
			isa = XCConfigurationList;
			buildConfigurations = (
				518683252851C50E000EC335 /* Debug */,
				518683262851C50E000EC335 /* Release */,
			);
			defaultConfigurationIsVisible = 0;
			defaultConfigurationName = Release;
		};
/* End XCConfigurationList section */
	};
	rootObject = 518682EC2851C50B000EC335 /* Project object */;
}
